
Microsoft Visual Studio Solution File, Format Version 12.00
# Visual Studio 15
VisualStudioVersion = 15.0.27130.2027
MinimumVisualStudioVersion = 10.0.40219.1
Project("{FAE04EC0-301F-11D3-BF4B-00C04F79EFBC}") = "SmtpServerService", "SmtpServerService.csproj", "{BACA4A62-6F8C-4CE7-88EB-ACCF66C3F39A}"
EndProject
Global
	GlobalSection(SolutionConfigurationPlatforms) = preSolution
		Debug|Any CPU = Debug|Any CPU
		Release|Any CPU = Release|Any CPU
	EndGlobalSection
	GlobalSection(ProjectConfigurationPlatforms) = postSolution
		{BACA4A62-6F8C-4CE7-88EB-ACCF66C3F39A}.Debug|Any CPU.ActiveCfg = Debug|Any CPU
		{BACA4A62-6F8C-4CE7-88EB-ACCF66C3F39A}.Debug|Any CPU.Build.0 = Debug|Any CPU
		{BACA4A62-6F8C-4CE7-88EB-ACCF66C3F39A}.Release|Any CPU.ActiveCfg = Release|Any CPU
		{BACA4A62-6F8C-4CE7-88EB-ACCF66C3F39A}.Release|Any CPU.Build.0 = Release|Any CPU
	EndGlobalSection
	GlobalSection(SolutionProperties) = preSolution
		HideSolutionNode = FALSE
	EndGlobalSection
	GlobalSection(ExtensibilityGlobals) = postSolution
		SolutionGuid = {025A7A36-2617-4518-A3CF-2FFC94D46CA9}
	EndGlobalSection
EndGlobal
