
Microsoft Visual Studio Solution File, Format Version 12.00
# Visual Studio Version 16
VisualStudioVersion = 16.0.30011.22
MinimumVisualStudioVersion = 10.0.40219.1
Project("{FAE04EC0-301F-11D3-BF4B-00C04F79EFBC}") = "FramedServer", "FramedServer\FramedServer\FramedServer.csproj", "{76CF56F0-AD4C-4752-8B1F-60F96353DFB9}"
EndProject
Project("{FAE04EC0-301F-11D3-BF4B-00C04F79EFBC}") = "FramedClient", "FramedClient\FramedClient\FramedClient.csproj", "{44C091B5-3D89-4090-9ADA-B06FD868900C}"
EndProject
Global
	GlobalSection(SolutionConfigurationPlatforms) = preSolution
		Debug|Any CPU = Debug|Any CPU
		Release|Any CPU = Release|Any CPU
	EndGlobalSection
	GlobalSection(ProjectConfigurationPlatforms) = postSolution
		{76CF56F0-AD4C-4752-8B1F-60F96353DFB9}.Debug|Any CPU.ActiveCfg = Debug|Any CPU
		{76CF56F0-AD4C-4752-8B1F-60F96353DFB9}.Debug|Any CPU.Build.0 = Debug|Any CPU
		{76CF56F0-AD4C-4752-8B1F-60F96353DFB9}.Release|Any CPU.ActiveCfg = Release|Any CPU
		{76CF56F0-AD4C-4752-8B1F-60F96353DFB9}.Release|Any CPU.Build.0 = Release|Any CPU
		{44C091B5-3D89-4090-9ADA-B06FD868900C}.Debug|Any CPU.ActiveCfg = Debug|Any CPU
		{44C091B5-3D89-4090-9ADA-B06FD868900C}.Debug|Any CPU.Build.0 = Debug|Any CPU
		{44C091B5-3D89-4090-9ADA-B06FD868900C}.Release|Any CPU.ActiveCfg = Release|Any CPU
		{44C091B5-3D89-4090-9ADA-B06FD868900C}.Release|Any CPU.Build.0 = Release|Any CPU
	EndGlobalSection
	GlobalSection(SolutionProperties) = preSolution
		HideSolutionNode = FALSE
	EndGlobalSection
	GlobalSection(ExtensibilityGlobals) = postSolution
		SolutionGuid = {C52753A7-3ADF-448C-975C-EB3856B0667E}
	EndGlobalSection
EndGlobal
