
Microsoft Visual Studio Solution File, Format Version 12.00
# Visual Studio Version 16
VisualStudioVersion = 16.0.30907.101
MinimumVisualStudioVersion = 10.0.40219.1
Project("{FAE04EC0-301F-11D3-BF4B-00C04F79EFBC}") = "ImapServerSearch", "ImapServerSearch.csproj", "{2A57130F-DB36-410C-B8BC-1BFF33FA9753}"
EndProject
Global
	GlobalSection(SolutionConfigurationPlatforms) = preSolution
		Debug|Any CPU = Debug|Any CPU
		Release|Any CPU = Release|Any CPU
	EndGlobalSection
	GlobalSection(ProjectConfigurationPlatforms) = postSolution
		{2A57130F-DB36-410C-B8BC-1BFF33FA9753}.Debug|Any CPU.ActiveCfg = Debug|Any CPU
		{2A57130F-DB36-410C-B8BC-1BFF33FA9753}.Debug|Any CPU.Build.0 = Debug|Any CPU
		{2A57130F-DB36-410C-B8BC-1BFF33FA9753}.Release|Any CPU.ActiveCfg = Release|Any CPU
		{2A57130F-DB36-410C-B8BC-1BFF33FA9753}.Release|Any CPU.Build.0 = Release|Any CPU
	EndGlobalSection
	GlobalSection(SolutionProperties) = preSolution
		HideSolutionNode = FALSE
	EndGlobalSection
	GlobalSection(ExtensibilityGlobals) = postSolution
		SolutionGuid = {F362BC3F-6B11-4F7B-A63B-0AA4A71B737A}
	EndGlobalSection
EndGlobal
